
Microsoft Visual Studio Solution File, Format Version 12.00
# Visual Studio Version 16
VisualStudioVersion = 16.0.30611.23
MinimumVisualStudioVersion = 10.0.40219.1
Project("{FAE04EC0-301F-11D3-BF4B-00C04F79EFBC}") = "ConsoleAdatbazis", "ConsoleAdatbazis\ConsoleAdatbazis.csproj", "{03986512-0652-433B-AAE3-C1013CD436AD}"
EndProject
Global
	GlobalSection(SolutionConfigurationPlatforms) = preSolution
		Debug|Any CPU = Debug|Any CPU
		Release|Any CPU = Release|Any CPU
	EndGlobalSection
	GlobalSection(ProjectConfigurationPlatforms) = postSolution
		{03986512-0652-433B-AAE3-C1013CD436AD}.Debug|Any CPU.ActiveCfg = Debug|Any CPU
		{03986512-0652-433B-AAE3-C1013CD436AD}.Debug|Any CPU.Build.0 = Debug|Any CPU
		{03986512-0652-433B-AAE3-C1013CD436AD}.Release|Any CPU.ActiveCfg = Release|Any CPU
		{03986512-0652-433B-AAE3-C1013CD436AD}.Release|Any CPU.Build.0 = Release|Any CPU
	EndGlobalSection
	GlobalSection(SolutionProperties) = preSolution
		HideSolutionNode = FALSE
	EndGlobalSection
	GlobalSection(ExtensibilityGlobals) = postSolution
		SolutionGuid = {B32B3B8E-238A-4B1F-B957-A5157DDE892D}
	EndGlobalSection
EndGlobal
